// !$*UTF8*$!
{
	archiveVersion = 1;
	classes = {
	};
	objectVersion = 50;
	objects = {

/* Begin PBXBuildFile section */
		F0305739237EF5130075D910 /* main.cpp in Sources */ = {isa = PBXBuildFile; fileRef = F0305738237EF5130075D910 /* main.cpp */; };
		F0305747237EFC6E0075D910 /* FileData.cpp in Sources */ = {isa = PBXBuildFile; fileRef = F0305746237EFC6E0075D910 /* FileData.cpp */; };
		F030574A237EFC770075D910 /* MatrixOfFloat.cpp in Sources */ = {isa = PBXBuildFile; fileRef = F0305748237EFC760075D910 /* MatrixOfFloat.cpp */; };
		F030574D2387E4DB0075D910 /* GraphData.cpp in Sources */ = {isa = PBXBuildFile; fileRef = F030574B2387E4DB0075D910 /* GraphData.cpp */; };
		F0305750238856730075D910 /* DistancesBetweenNodes.cpp in Sources */ = {isa = PBXBuildFile; fileRef = F030574E238856730075D910 /* DistancesBetweenNodes.cpp */; };
		F0305757238865390075D910 /* RNGraph.cpp in Sources */ = {isa = PBXBuildFile; fileRef = F0305755238865390075D910 /* RNGraph.cpp */; };
		F030575D238873290075D910 /* MatrixOfBoolean.cpp in Sources */ = {isa = PBXBuildFile; fileRef = F030575B238873290075D910 /* MatrixOfBoolean.cpp */; };
		F0D2A22F2397C41400808F76 /* Exception.cpp in Sources */ = {isa = PBXBuildFile; fileRef = F0D2A22D2397C41400808F76 /* Exception.cpp */; };
		F0DFC4B6238BDD1C00775B94 /* TravelAlgorithmResult.cpp in Sources */ = {isa = PBXBuildFile; fileRef = F0DFC4B4238BDD1C00775B94 /* TravelAlgorithmResult.cpp */; };
		F0DFC4B9238BEA2300775B94 /* DataExporter.cpp in Sources */ = {isa = PBXBuildFile; fileRef = F0DFC4B7238BEA2300775B94 /* DataExporter.cpp */; };
/* End PBXBuildFile section */

/* Begin PBXCopyFilesBuildPhase section */
		F0305733237EF5130075D910 /* CopyFiles */ = {
			isa = PBXCopyFilesBuildPhase;
			buildActionMask = 2147483647;
			dstPath = /usr/share/man/man1/;
			dstSubfolderSpec = 0;
			files = (
			);
			runOnlyForDeploymentPostprocessing = 1;
		};
/* End PBXCopyFilesBuildPhase section */

/* Begin PBXFileReference section */
		F0305735237EF5130075D910 /* RelativeNeighborhoodGraph */ = {isa = PBXFileReference; explicitFileType = "compiled.mach-o.executable"; includeInIndex = 0; path = RelativeNeighborhoodGraph; sourceTree = BUILT_PRODUCTS_DIR; };
		F0305738237EF5130075D910 /* main.cpp */ = {isa = PBXFileReference; lastKnownFileType = sourcecode.cpp.cpp; path = main.cpp; sourceTree = "<group>"; };
		F0305745237EFC6E0075D910 /* FileData.hpp */ = {isa = PBXFileReference; fileEncoding = 4; lastKnownFileType = sourcecode.cpp.h; path = FileData.hpp; sourceTree = "<group>"; };
		F0305746237EFC6E0075D910 /* FileData.cpp */ = {isa = PBXFileReference; fileEncoding = 4; lastKnownFileType = sourcecode.cpp.cpp; path = FileData.cpp; sourceTree = "<group>"; };
		F0305748237EFC760075D910 /* MatrixOfFloat.cpp */ = {isa = PBXFileReference; fileEncoding = 4; lastKnownFileType = sourcecode.cpp.cpp; path = MatrixOfFloat.cpp; sourceTree = "<group>"; };
		F0305749237EFC760075D910 /* MatrixOfFloat.hpp */ = {isa = PBXFileReference; fileEncoding = 4; lastKnownFileType = sourcecode.cpp.h; path = MatrixOfFloat.hpp; sourceTree = "<group>"; };
		F030574B2387E4DB0075D910 /* GraphData.cpp */ = {isa = PBXFileReference; lastKnownFileType = sourcecode.cpp.cpp; path = GraphData.cpp; sourceTree = "<group>"; };
		F030574C2387E4DB0075D910 /* GraphData.hpp */ = {isa = PBXFileReference; lastKnownFileType = sourcecode.cpp.h; path = GraphData.hpp; sourceTree = "<group>"; };
		F030574E238856730075D910 /* DistancesBetweenNodes.cpp */ = {isa = PBXFileReference; lastKnownFileType = sourcecode.cpp.cpp; path = DistancesBetweenNodes.cpp; sourceTree = "<group>"; };
		F030574F238856730075D910 /* DistancesBetweenNodes.hpp */ = {isa = PBXFileReference; lastKnownFileType = sourcecode.cpp.h; path = DistancesBetweenNodes.hpp; sourceTree = "<group>"; };
		F0305755238865390075D910 /* RNGraph.cpp */ = {isa = PBXFileReference; lastKnownFileType = sourcecode.cpp.cpp; path = RNGraph.cpp; sourceTree = "<group>"; };
		F0305756238865390075D910 /* RNGraph.hpp */ = {isa = PBXFileReference; lastKnownFileType = sourcecode.cpp.h; path = RNGraph.hpp; sourceTree = "<group>"; };
		F030575B238873290075D910 /* MatrixOfBoolean.cpp */ = {isa = PBXFileReference; lastKnownFileType = sourcecode.cpp.cpp; path = MatrixOfBoolean.cpp; sourceTree = "<group>"; };
		F030575C238873290075D910 /* MatrixOfBoolean.hpp */ = {isa = PBXFileReference; lastKnownFileType = sourcecode.cpp.h; path = MatrixOfBoolean.hpp; sourceTree = "<group>"; };
		F0D2A22D2397C41400808F76 /* Exception.cpp */ = {isa = PBXFileReference; lastKnownFileType = sourcecode.cpp.cpp; path = Exception.cpp; sourceTree = "<group>"; };
		F0D2A22E2397C41400808F76 /* Exception.hpp */ = {isa = PBXFileReference; lastKnownFileType = sourcecode.cpp.h; path = Exception.hpp; sourceTree = "<group>"; };
		F0DFC4B4238BDD1C00775B94 /* TravelAlgorithmResult.cpp */ = {isa = PBXFileReference; lastKnownFileType = sourcecode.cpp.cpp; path = TravelAlgorithmResult.cpp; sourceTree = "<group>"; };
		F0DFC4B5238BDD1C00775B94 /* TravelAlgorithmResult.hpp */ = {isa = PBXFileReference; lastKnownFileType = sourcecode.cpp.h; path = TravelAlgorithmResult.hpp; sourceTree = "<group>"; };
		F0DFC4B7238BEA2300775B94 /* DataExporter.cpp */ = {isa = PBXFileReference; lastKnownFileType = sourcecode.cpp.cpp; path = DataExporter.cpp; sourceTree = "<group>"; };
		F0DFC4B8238BEA2300775B94 /* DataExporter.hpp */ = {isa = PBXFileReference; lastKnownFileType = sourcecode.cpp.h; path = DataExporter.hpp; sourceTree = "<group>"; };
/* End PBXFileReference section */

/* Begin PBXFrameworksBuildPhase section */
		F0305732237EF5130075D910 /* Frameworks */ = {
			isa = PBXFrameworksBuildPhase;
			buildActionMask = 2147483647;
			files = (
			);
			runOnlyForDeploymentPostprocessing = 0;
		};
/* End PBXFrameworksBuildPhase section */

/* Begin PBXGroup section */
		F030572C237EF5130075D910 = {
			isa = PBXGroup;
			children = (
				F0305737237EF5130075D910 /* src */,
				F0305736237EF5130075D910 /* Products */,
			);
			sourceTree = "<group>";
		};
		F0305736237EF5130075D910 /* Products */ = {
			isa = PBXGroup;
			children = (
				F0305735237EF5130075D910 /* RelativeNeighborhoodGraph */,
			);
			name = Products;
			sourceTree = "<group>";
		};
		F0305737237EF5130075D910 /* src */ = {
			isa = PBXGroup;
			children = (
				F0D2A220238FB40500808F76 /* tests */,
				F0D2A2302397F70D00808F76 /* Controller */,
				F0DFC4B3238BDABA00775B94 /* Export */,
				F030575A238873080075D910 /* Matrix */,
				F03057592388729D0075D910 /* Statistics */,
				F0305758238872810075D910 /* GraphGeneration */,
				F0305738237EF5130075D910 /* main.cpp */,
			);
			path = src;
			sourceTree = "<group>";
		};
		F0305758238872810075D910 /* GraphGeneration */ = {
			isa = PBXGroup;
			children = (
				F0305746237EFC6E0075D910 /* FileData.cpp */,
				F0305745237EFC6E0075D910 /* FileData.hpp */,
				F030574B2387E4DB0075D910 /* GraphData.cpp */,
				F030574C2387E4DB0075D910 /* GraphData.hpp */,
				F030574E238856730075D910 /* DistancesBetweenNodes.cpp */,
				F030574F238856730075D910 /* DistancesBetweenNodes.hpp */,
				F0305755238865390075D910 /* RNGraph.cpp */,
				F0305756238865390075D910 /* RNGraph.hpp */,
			);
			path = GraphGeneration;
			sourceTree = "<group>";
		};
		F03057592388729D0075D910 /* Statistics */ = {
			isa = PBXGroup;
			children = (
				F0DFC4B4238BDD1C00775B94 /* TravelAlgorithmResult.cpp */,
				F0DFC4B5238BDD1C00775B94 /* TravelAlgorithmResult.hpp */,
			);
			path = Statistics;
			sourceTree = "<group>";
		};
		F030575A238873080075D910 /* Matrix */ = {
			isa = PBXGroup;
			children = (
				F0305748237EFC760075D910 /* MatrixOfFloat.cpp */,
				F0305749237EFC760075D910 /* MatrixOfFloat.hpp */,
				F030575B238873290075D910 /* MatrixOfBoolean.cpp */,
				F030575C238873290075D910 /* MatrixOfBoolean.hpp */,
			);
			path = Matrix;
			sourceTree = "<group>";
		};
		F0D2A220238FB40500808F76 /* tests */ = {
			isa = PBXGroup;
			children = (
				F0D2A224238FB5CF00808F76 /* GraphGeneration */,
				F0D2A223238FB5C500808F76 /* Statistics */,
				F0D2A222238FB5BB00808F76 /* Export */,
				F0D2A221238FB5AC00808F76 /* Matrix */,
			);
			path = tests;
			sourceTree = "<group>";
		};
		F0D2A221238FB5AC00808F76 /* Matrix */ = {
			isa = PBXGroup;
			children = (
			);
			path = Matrix;
			sourceTree = "<group>";
		};
		F0D2A222238FB5BB00808F76 /* Export */ = {
			isa = PBXGroup;
			children = (
			);
			path = Export;
			sourceTree = "<group>";
		};
		F0D2A223238FB5C500808F76 /* Statistics */ = {
			isa = PBXGroup;
			children = (
			);
			path = Statistics;
			sourceTree = "<group>";
		};
		F0D2A224238FB5CF00808F76 /* GraphGeneration */ = {
			isa = PBXGroup;
			children = (
			);
			path = GraphGeneration;
			sourceTree = "<group>";
		};
		F0D2A2302397F70D00808F76 /* Controller */ = {
			isa = PBXGroup;
			children = (
				F0D2A22D2397C41400808F76 /* Exception.cpp */,
				F0D2A22E2397C41400808F76 /* Exception.hpp */,
			);
			path = Controller;
			sourceTree = "<group>";
		};
		F0DFC4B3238BDABA00775B94 /* Export */ = {
			isa = PBXGroup;
			children = (
				F0DFC4B7238BEA2300775B94 /* DataExporter.cpp */,
				F0DFC4B8238BEA2300775B94 /* DataExporter.hpp */,
			);
			path = Export;
			sourceTree = "<group>";
		};
/* End PBXGroup section */

/* Begin PBXNativeTarget section */
		F0305734237EF5130075D910 /* RelativeNeighborhoodGraph */ = {
			isa = PBXNativeTarget;
			buildConfigurationList = F030573C237EF5130075D910 /* Build configuration list for PBXNativeTarget "RelativeNeighborhoodGraph" */;
			buildPhases = (
				F0305731237EF5130075D910 /* Sources */,
				F0305732237EF5130075D910 /* Frameworks */,
				F0305733237EF5130075D910 /* CopyFiles */,
			);
			buildRules = (
			);
			dependencies = (
			);
			name = RelativeNeighborhoodGraph;
			productName = RelativeNeighborhoodGraph;
			productReference = F0305735237EF5130075D910 /* RelativeNeighborhoodGraph */;
			productType = "com.apple.product-type.tool";
		};
/* End PBXNativeTarget section */

/* Begin PBXProject section */
		F030572D237EF5130075D910 /* Project object */ = {
			isa = PBXProject;
			attributes = {
				LastUpgradeCheck = 1120;
				ORGANIZATIONNAME = GuillaumeBouchard;
				TargetAttributes = {
					F0305734237EF5130075D910 = {
						CreatedOnToolsVersion = 11.2.1;
					};
				};
			};
			buildConfigurationList = F0305730237EF5130075D910 /* Build configuration list for PBXProject "RelativeNeighborhoodGraph" */;
			compatibilityVersion = "Xcode 9.3";
			developmentRegion = en;
			hasScannedForEncodings = 0;
			knownRegions = (
				en,
				Base,
			);
			mainGroup = F030572C237EF5130075D910;
			productRefGroup = F0305736237EF5130075D910 /* Products */;
			projectDirPath = "";
			projectRoot = "";
			targets = (
				F0305734237EF5130075D910 /* RelativeNeighborhoodGraph */,
			);
		};
/* End PBXProject section */

/* Begin PBXSourcesBuildPhase section */
		F0305731237EF5130075D910 /* Sources */ = {
			isa = PBXSourcesBuildPhase;
			buildActionMask = 2147483647;
			files = (
				F030575D238873290075D910 /* MatrixOfBoolean.cpp in Sources */,
				F0DFC4B9238BEA2300775B94 /* DataExporter.cpp in Sources */,
				F0305739237EF5130075D910 /* main.cpp in Sources */,
				F0D2A22F2397C41400808F76 /* Exception.cpp in Sources */,
				F0305747237EFC6E0075D910 /* FileData.cpp in Sources */,
				F0305750238856730075D910 /* DistancesBetweenNodes.cpp in Sources */,
				F030574D2387E4DB0075D910 /* GraphData.cpp in Sources */,
				F0305757238865390075D910 /* RNGraph.cpp in Sources */,
				F0DFC4B6238BDD1C00775B94 /* TravelAlgorithmResult.cpp in Sources */,
				F030574A237EFC770075D910 /* MatrixOfFloat.cpp in Sources */,
			);
			runOnlyForDeploymentPostprocessing = 0;
		};
/* End PBXSourcesBuildPhase section */

/* Begin XCBuildConfiguration section */
		F030573A237EF5130075D910 /* Debug */ = {
			isa = XCBuildConfiguration;
			buildSettings = {
				ALWAYS_SEARCH_USER_PATHS = NO;
				CLANG_ANALYZER_NONNULL = YES;
				CLANG_ANALYZER_NUMBER_OBJECT_CONVERSION = YES_AGGRESSIVE;
				CLANG_CXX_LANGUAGE_STANDARD = "gnu++14";
				CLANG_CXX_LIBRARY = "libc++";
				CLANG_ENABLE_MODULES = YES;
				CLANG_ENABLE_OBJC_ARC = YES;
				CLANG_ENABLE_OBJC_WEAK = YES;
				CLANG_WARN_BLOCK_CAPTURE_AUTORELEASING = YES;
				CLANG_WARN_BOOL_CONVERSION = YES;
				CLANG_WARN_COMMA = YES;
				CLANG_WARN_CONSTANT_CONVERSION = YES;
				CLANG_WARN_DEPRECATED_OBJC_IMPLEMENTATIONS = YES;
				CLANG_WARN_DIRECT_OBJC_ISA_USAGE = YES_ERROR;
				CLANG_WARN_DOCUMENTATION_COMMENTS = YES;
				CLANG_WARN_EMPTY_BODY = YES;
				CLANG_WARN_ENUM_CONVERSION = YES;
				CLANG_WARN_INFINITE_RECURSION = YES;
				CLANG_WARN_INT_CONVERSION = YES;
				CLANG_WARN_NON_LITERAL_NULL_CONVERSION = YES;
				CLANG_WARN_OBJC_IMPLICIT_RETAIN_SELF = YES;
				CLANG_WARN_OBJC_LITERAL_CONVERSION = YES;
				CLANG_WARN_OBJC_ROOT_CLASS = YES_ERROR;
				CLANG_WARN_RANGE_LOOP_ANALYSIS = YES;
				CLANG_WARN_STRICT_PROTOTYPES = YES;
				CLANG_WARN_SUSPICIOUS_MOVE = YES;
				CLANG_WARN_UNGUARDED_AVAILABILITY = YES_AGGRESSIVE;
				CLANG_WARN_UNREACHABLE_CODE = YES;
				CLANG_WARN__DUPLICATE_METHOD_MATCH = YES;
				COPY_PHASE_STRIP = NO;
				DEBUG_INFORMATION_FORMAT = dwarf;
				ENABLE_STRICT_OBJC_MSGSEND = YES;
				ENABLE_TESTABILITY = YES;
				GCC_C_LANGUAGE_STANDARD = gnu11;
				GCC_DYNAMIC_NO_PIC = NO;
				GCC_NO_COMMON_BLOCKS = YES;
				GCC_OPTIMIZATION_LEVEL = 0;
				GCC_PREPROCESSOR_DEFINITIONS = (
					"DEBUG=1",
					"$(inherited)",
				);
				GCC_WARN_64_TO_32_BIT_CONVERSION = YES;
				GCC_WARN_ABOUT_RETURN_TYPE = YES_ERROR;
				GCC_WARN_UNDECLARED_SELECTOR = YES;
				GCC_WARN_UNINITIALIZED_AUTOS = YES_AGGRESSIVE;
				GCC_WARN_UNUSED_FUNCTION = YES;
				GCC_WARN_UNUSED_VARIABLE = YES;
				MACOSX_DEPLOYMENT_TARGET = 10.15;
				MTL_ENABLE_DEBUG_INFO = INCLUDE_SOURCE;
				MTL_FAST_MATH = YES;
				ONLY_ACTIVE_ARCH = YES;
				SDKROOT = macosx;
			};
			name = Debug;
		};
		F030573B237EF5130075D910 /* Release */ = {
			isa = XCBuildConfiguration;
			buildSettings = {
				ALWAYS_SEARCH_USER_PATHS = NO;
				CLANG_ANALYZER_NONNULL = YES;
				CLANG_ANALYZER_NUMBER_OBJECT_CONVERSION = YES_AGGRESSIVE;
				CLANG_CXX_LANGUAGE_STANDARD = "gnu++14";
				CLANG_CXX_LIBRARY = "libc++";
				CLANG_ENABLE_MODULES = YES;
				CLANG_ENABLE_OBJC_ARC = YES;
				CLANG_ENABLE_OBJC_WEAK = YES;
				CLANG_WARN_BLOCK_CAPTURE_AUTORELEASING = YES;
				CLANG_WARN_BOOL_CONVERSION = YES;
				CLANG_WARN_COMMA = YES;
				CLANG_WARN_CONSTANT_CONVERSION = YES;
				CLANG_WARN_DEPRECATED_OBJC_IMPLEMENTATIONS = YES;
				CLANG_WARN_DIRECT_OBJC_ISA_USAGE = YES_ERROR;
				CLANG_WARN_DOCUMENTATION_COMMENTS = YES;
				CLANG_WARN_EMPTY_BODY = YES;
				CLANG_WARN_ENUM_CONVERSION = YES;
				CLANG_WARN_INFINITE_RECURSION = YES;
				CLANG_WARN_INT_CONVERSION = YES;
				CLANG_WARN_NON_LITERAL_NULL_CONVERSION = YES;
				CLANG_WARN_OBJC_IMPLICIT_RETAIN_SELF = YES;
				CLANG_WARN_OBJC_LITERAL_CONVERSION = YES;
				CLANG_WARN_OBJC_ROOT_CLASS = YES_ERROR;
				CLANG_WARN_RANGE_LOOP_ANALYSIS = YES;
				CLANG_WARN_STRICT_PROTOTYPES = YES;
				CLANG_WARN_SUSPICIOUS_MOVE = YES;
				CLANG_WARN_UNGUARDED_AVAILABILITY = YES_AGGRESSIVE;
				CLANG_WARN_UNREACHABLE_CODE = YES;
				CLANG_WARN__DUPLICATE_METHOD_MATCH = YES;
				COPY_PHASE_STRIP = NO;
				DEBUG_INFORMATION_FORMAT = "dwarf-with-dsym";
				ENABLE_NS_ASSERTIONS = NO;
				ENABLE_STRICT_OBJC_MSGSEND = YES;
				GCC_C_LANGUAGE_STANDARD = gnu11;
				GCC_NO_COMMON_BLOCKS = YES;
				GCC_WARN_64_TO_32_BIT_CONVERSION = YES;
				GCC_WARN_ABOUT_RETURN_TYPE = YES_ERROR;
				GCC_WARN_UNDECLARED_SELECTOR = YES;
				GCC_WARN_UNINITIALIZED_AUTOS = YES_AGGRESSIVE;
				GCC_WARN_UNUSED_FUNCTION = YES;
				GCC_WARN_UNUSED_VARIABLE = YES;
				MACOSX_DEPLOYMENT_TARGET = 10.15;
				MTL_ENABLE_DEBUG_INFO = NO;
				MTL_FAST_MATH = YES;
				SDKROOT = macosx;
			};
			name = Release;
		};
		F030573D237EF5130075D910 /* Debug */ = {
			isa = XCBuildConfiguration;
			buildSettings = {
				CODE_SIGN_STYLE = Automatic;
				DEVELOPMENT_TEAM = TJ7AQJDKVX;
				ENABLE_HARDENED_RUNTIME = YES;
				PRODUCT_NAME = "$(TARGET_NAME)";
			};
			name = Debug;
		};
		F030573E237EF5130075D910 /* Release */ = {
			isa = XCBuildConfiguration;
			buildSettings = {
				CODE_SIGN_STYLE = Automatic;
				DEVELOPMENT_TEAM = TJ7AQJDKVX;
				ENABLE_HARDENED_RUNTIME = YES;
				PRODUCT_NAME = "$(TARGET_NAME)";
			};
			name = Release;
		};
/* End XCBuildConfiguration section */

/* Begin XCConfigurationList section */
		F0305730237EF5130075D910 /* Build configuration list for PBXProject "RelativeNeighborhoodGraph" */ = {
			isa = XCConfigurationList;
			buildConfigurations = (
				F030573A237EF5130075D910 /* Debug */,
				F030573B237EF5130075D910 /* Release */,
			);
			defaultConfigurationIsVisible = 0;
			defaultConfigurationName = Release;
		};
		F030573C237EF5130075D910 /* Build configuration list for PBXNativeTarget "RelativeNeighborhoodGraph" */ = {
			isa = XCConfigurationList;
			buildConfigurations = (
				F030573D237EF5130075D910 /* Debug */,
				F030573E237EF5130075D910 /* Release */,
			);
			defaultConfigurationIsVisible = 0;
			defaultConfigurationName = Release;
		};
/* End XCConfigurationList section */
	};
	rootObject = F030572D237EF5130075D910 /* Project object */;
}
